
Microsoft Visual Studio Solution File, Format Version 12.00
# Visual Studio 15
VisualStudioVersion = 15.0.28010.2046
MinimumVisualStudioVersion = 10.0.40219.1
Project("{8BC9CEB8-8B4A-11D0-8D11-00A0C91BC942}") = "PremierProgramme", "PremierProgramme\PremierProgramme.vcxproj", "{FECBC6A5-6E9E-4AAF-860A-C185AC8C23CB}"
EndProject
Global
	GlobalSection(SolutionConfigurationPlatforms) = preSolution
		Debug|x64 = Debug|x64
		Debug|x86 = Debug|x86
		Release|x64 = Release|x64
		Release|x86 = Release|x86
	EndGlobalSection
	GlobalSection(ProjectConfigurationPlatforms) = postSolution
		{FECBC6A5-6E9E-4AAF-860A-C185AC8C23CB}.Debug|x64.ActiveCfg = Debug|x64
		{FECBC6A5-6E9E-4AAF-860A-C185AC8C23CB}.Debug|x64.Build.0 = Debug|x64
		{FECBC6A5-6E9E-4AAF-860A-C185AC8C23CB}.Debug|x86.ActiveCfg = Debug|Win32
		{FECBC6A5-6E9E-4AAF-860A-C185AC8C23CB}.Debug|x86.Build.0 = Debug|Win32
		{FECBC6A5-6E9E-4AAF-860A-C185AC8C23CB}.Release|x64.ActiveCfg = Release|x64
		{FECBC6A5-6E9E-4AAF-860A-C185AC8C23CB}.Release|x64.Build.0 = Release|x64
		{FECBC6A5-6E9E-4AAF-860A-C185AC8C23CB}.Release|x86.ActiveCfg = Release|Win32
		{FECBC6A5-6E9E-4AAF-860A-C185AC8C23CB}.Release|x86.Build.0 = Release|Win32
	EndGlobalSection
	GlobalSection(SolutionProperties) = preSolution
		HideSolutionNode = FALSE
	EndGlobalSection
	GlobalSection(ExtensibilityGlobals) = postSolution
		SolutionGuid = {E6CF9AF4-1913-4C54-97F3-7A8A091A1E30}
	EndGlobalSection
EndGlobal
